// !$*UTF8*$!
{
	archiveVersion = 1;
	classes = {
	};
	objectVersion = 50;
	objects = {

/* Begin PBXBuildFile section */
		255443BE237F1AA6004BCC68 /* studentFile.swift in Sources */ = {isa = PBXBuildFile; fileRef = 255443BD237F1AA6004BCC68 /* studentFile.swift */; };
		255443C0237F1C0A004BCC68 /* StudentDataViewController.swift in Sources */ = {isa = PBXBuildFile; fileRef = 255443BF237F1C0A004BCC68 /* StudentDataViewController.swift */; };
		255443C2237F1C21004BCC68 /* StudentSearchTableViewController.swift in Sources */ = {isa = PBXBuildFile; fileRef = 255443C1237F1C21004BCC68 /* StudentSearchTableViewController.swift */; };
		255443C6237F4BF3004BCC68 /* GpaCalculationViewController.swift in Sources */ = {isa = PBXBuildFile; fileRef = 255443C5237F4BF3004BCC68 /* GpaCalculationViewController.swift */; };
		25FC2E1F237E316700C32B17 /* AppDelegate.swift in Sources */ = {isa = PBXBuildFile; fileRef = 25FC2E1E237E316700C32B17 /* AppDelegate.swift */; };
		25FC2E21237E316700C32B17 /* SceneDelegate.swift in Sources */ = {isa = PBXBuildFile; fileRef = 25FC2E20237E316700C32B17 /* SceneDelegate.swift */; };
		25FC2E26237E316700C32B17 /* Main.storyboard in Resources */ = {isa = PBXBuildFile; fileRef = 25FC2E24237E316700C32B17 /* Main.storyboard */; };
		25FC2E28237E316900C32B17 /* Assets.xcassets in Resources */ = {isa = PBXBuildFile; fileRef = 25FC2E27237E316900C32B17 /* Assets.xcassets */; };
		25FC2E2B237E316900C32B17 /* LaunchScreen.storyboard in Resources */ = {isa = PBXBuildFile; fileRef = 25FC2E29237E316900C32B17 /* LaunchScreen.storyboard */; };
/* End PBXBuildFile section */

/* Begin PBXFileReference section */
		255443BD237F1AA6004BCC68 /* studentFile.swift */ = {isa = PBXFileReference; lastKnownFileType = sourcecode.swift; path = studentFile.swift; sourceTree = "<group>"; };
		255443BF237F1C0A004BCC68 /* StudentDataViewController.swift */ = {isa = PBXFileReference; lastKnownFileType = sourcecode.swift; path = StudentDataViewController.swift; sourceTree = "<group>"; };
		255443C1237F1C21004BCC68 /* StudentSearchTableViewController.swift */ = {isa = PBXFileReference; lastKnownFileType = sourcecode.swift; path = StudentSearchTableViewController.swift; sourceTree = "<group>"; };
		255443C5237F4BF3004BCC68 /* GpaCalculationViewController.swift */ = {isa = PBXFileReference; lastKnownFileType = sourcecode.swift; path = GpaCalculationViewController.swift; sourceTree = "<group>"; };
		25FC2E1B237E316700C32B17 /* rajveer_c0758564_gpaApp.app */ = {isa = PBXFileReference; explicitFileType = wrapper.application; includeInIndex = 0; path = rajveer_c0758564_gpaApp.app; sourceTree = BUILT_PRODUCTS_DIR; };
		25FC2E1E237E316700C32B17 /* AppDelegate.swift */ = {isa = PBXFileReference; lastKnownFileType = sourcecode.swift; path = AppDelegate.swift; sourceTree = "<group>"; };
		25FC2E20237E316700C32B17 /* SceneDelegate.swift */ = {isa = PBXFileReference; lastKnownFileType = sourcecode.swift; path = SceneDelegate.swift; sourceTree = "<group>"; };
		25FC2E25237E316700C32B17 /* Base */ = {isa = PBXFileReference; lastKnownFileType = file.storyboard; name = Base; path = Base.lproj/Main.storyboard; sourceTree = "<group>"; };
		25FC2E27237E316900C32B17 /* Assets.xcassets */ = {isa = PBXFileReference; lastKnownFileType = folder.assetcatalog; path = Assets.xcassets; sourceTree = "<group>"; };
		25FC2E2A237E316900C32B17 /* Base */ = {isa = PBXFileReference; lastKnownFileType = file.storyboard; name = Base; path = Base.lproj/LaunchScreen.storyboard; sourceTree = "<group>"; };
		25FC2E2C237E316900C32B17 /* Info.plist */ = {isa = PBXFileReference; lastKnownFileType = text.plist.xml; path = Info.plist; sourceTree = "<group>"; };
/* End PBXFileReference section */

/* Begin PBXFrameworksBuildPhase section */
		25FC2E18237E316700C32B17 /* Frameworks */ = {
			isa = PBXFrameworksBuildPhase;
			buildActionMask = 2147483647;
			files = (
			);
			runOnlyForDeploymentPostprocessing = 0;
		};
/* End PBXFrameworksBuildPhase section */

/* Begin PBXGroup section */
		25FC2E12237E316700C32B17 = {
			isa = PBXGroup;
			children = (
				25FC2E1D237E316700C32B17 /* rajveer_c0758564_gpaApp */,
				25FC2E1C237E316700C32B17 /* Products */,
			);
			sourceTree = "<group>";
		};
		25FC2E1C237E316700C32B17 /* Products */ = {
			isa = PBXGroup;
			children = (
				25FC2E1B237E316700C32B17 /* rajveer_c0758564_gpaApp.app */,
			);
			name = Products;
			sourceTree = "<group>";
		};
		25FC2E1D237E316700C32B17 /* rajveer_c0758564_gpaApp */ = {
			isa = PBXGroup;
			children = (
				25FC2E1E237E316700C32B17 /* AppDelegate.swift */,
				25FC2E20237E316700C32B17 /* SceneDelegate.swift */,
				25FC2E24237E316700C32B17 /* Main.storyboard */,
				25FC2E27237E316900C32B17 /* Assets.xcassets */,
				25FC2E29237E316900C32B17 /* LaunchScreen.storyboard */,
				25FC2E2C237E316900C32B17 /* Info.plist */,
				255443BD237F1AA6004BCC68 /* studentFile.swift */,
				255443BF237F1C0A004BCC68 /* StudentDataViewController.swift */,
				255443C1237F1C21004BCC68 /* StudentSearchTableViewController.swift */,
				255443C5237F4BF3004BCC68 /* GpaCalculationViewController.swift */,
			);
			path = rajveer_c0758564_gpaApp;
			sourceTree = "<group>";
		};
/* End PBXGroup section */

/* Begin PBXNativeTarget section */
		25FC2E1A237E316700C32B17 /* rajveer_c0758564_gpaApp */ = {
			isa = PBXNativeTarget;
			buildConfigurationList = 25FC2E2F237E316900C32B17 /* Build configuration list for PBXNativeTarget "rajveer_c0758564_gpaApp" */;
			buildPhases = (
				25FC2E17237E316700C32B17 /* Sources */,
				25FC2E18237E316700C32B17 /* Frameworks */,
				25FC2E19237E316700C32B17 /* Resources */,
			);
			buildRules = (
			);
			dependencies = (
			);
			name = rajveer_c0758564_gpaApp;
			productName = rajveer_c0758564_gpaApp;
			productReference = 25FC2E1B237E316700C32B17 /* rajveer_c0758564_gpaApp.app */;
			productType = "com.apple.product-type.application";
		};
/* End PBXNativeTarget section */

/* Begin PBXProject section */
		25FC2E13237E316700C32B17 /* Project object */ = {
			isa = PBXProject;
			attributes = {
				LastSwiftUpdateCheck = 1100;
				LastUpgradeCheck = 1100;
				ORGANIZATIONNAME = "Rajveer Kaur";
				TargetAttributes = {
					25FC2E1A237E316700C32B17 = {
						CreatedOnToolsVersion = 11.0;
					};
				};
			};
			buildConfigurationList = 25FC2E16237E316700C32B17 /* Build configuration list for PBXProject "rajveer_c0758564_gpaApp" */;
			compatibilityVersion = "Xcode 9.3";
			developmentRegion = en;
			hasScannedForEncodings = 0;
			knownRegions = (
				en,
				Base,
			);
			mainGroup = 25FC2E12237E316700C32B17;
			productRefGroup = 25FC2E1C237E316700C32B17 /* Products */;
			projectDirPath = "";
			projectRoot = "";
			targets = (
				25FC2E1A237E316700C32B17 /* rajveer_c0758564_gpaApp */,
			);
		};
/* End PBXProject section */

/* Begin PBXResourcesBuildPhase section */
		25FC2E19237E316700C32B17 /* Resources */ = {
			isa = PBXResourcesBuildPhase;
			buildActionMask = 2147483647;
			files = (
				25FC2E2B237E316900C32B17 /* LaunchScreen.storyboard in Resources */,
				25FC2E28237E316900C32B17 /* Assets.xcassets in Resources */,
				25FC2E26237E316700C32B17 /* Main.storyboard in Resources */,
			);
			runOnlyForDeploymentPostprocessing = 0;
		};
/* End PBXResourcesBuildPhase section */

/* Begin PBXSourcesBuildPhase section */
		25FC2E17237E316700C32B17 /* Sources */ = {
			isa = PBXSourcesBuildPhase;
			buildActionMask = 2147483647;
			files = (
				25FC2E1F237E316700C32B17 /* AppDelegate.swift in Sources */,
				25FC2E21237E316700C32B17 /* SceneDelegate.swift in Sources */,
				255443C0237F1C0A004BCC68 /* StudentDataViewController.swift in Sources */,
				255443BE237F1AA6004BCC68 /* studentFile.swift in Sources */,
				255443C2237F1C21004BCC68 /* StudentSearchTableViewController.swift in Sources */,
				255443C6237F4BF3004BCC68 /* GpaCalculationViewController.swift in Sources */,
			);
			runOnlyForDeploymentPostprocessing = 0;
		};
/* End PBXSourcesBuildPhase section */

/* Begin PBXVariantGroup section */
		25FC2E24237E316700C32B17 /* Main.storyboard */ = {
			isa = PBXVariantGroup;
			children = (
				25FC2E25237E316700C32B17 /* Base */,
			);
			name = Main.storyboard;
			sourceTree = "<group>";
		};
		25FC2E29237E316900C32B17 /* LaunchScreen.storyboard */ = {
			isa = PBXVariantGroup;
			children = (
				25FC2E2A237E316900C32B17 /* Base */,
			);
			name = LaunchScreen.storyboard;
			sourceTree = "<group>";
		};
/* End PBXVariantGroup section */

/* Begin XCBuildConfiguration section */
		25FC2E2D237E316900C32B17 /* Debug */ = {
			isa = XCBuildConfiguration;
			buildSettings = {
				ALWAYS_SEARCH_USER_PATHS = NO;
				CLANG_ANALYZER_NONNULL = YES;
				CLANG_ANALYZER_NUMBER_OBJECT_CONVERSION = YES_AGGRESSIVE;
				CLANG_CXX_LANGUAGE_STANDARD = "gnu++14";
				CLANG_CXX_LIBRARY = "libc++";
				CLANG_ENABLE_MODULES = YES;
				CLANG_ENABLE_OBJC_ARC = YES;
				CLANG_ENABLE_OBJC_WEAK = YES;
				CLANG_WARN_BLOCK_CAPTURE_AUTORELEASING = YES;
				CLANG_WARN_BOOL_CONVERSION = YES;
				CLANG_WARN_COMMA = YES;
				CLANG_WARN_CONSTANT_CONVERSION = YES;
				CLANG_WARN_DEPRECATED_OBJC_IMPLEMENTATIONS = YES;
				CLANG_WARN_DIRECT_OBJC_ISA_USAGE = YES_ERROR;
				CLANG_WARN_DOCUMENTATION_COMMENTS = YES;
				CLANG_WARN_EMPTY_BODY = YES;
				CLANG_WARN_ENUM_CONVERSION = YES;
				CLANG_WARN_INFINITE_RECURSION = YES;
				CLANG_WARN_INT_CONVERSION = YES;
				CLANG_WARN_NON_LITERAL_NULL_CONVERSION = YES;
				CLANG_WARN_OBJC_IMPLICIT_RETAIN_SELF = YES;
				CLANG_WARN_OBJC_LITERAL_CONVERSION = YES;
				CLANG_WARN_OBJC_ROOT_CLASS = YES_ERROR;
				CLANG_WARN_RANGE_LOOP_ANALYSIS = YES;
				CLANG_WARN_STRICT_PROTOTYPES = YES;
				CLANG_WARN_SUSPICIOUS_MOVE = YES;
				CLANG_WARN_UNGUARDED_AVAILABILITY = YES_AGGRESSIVE;
				CLANG_WARN_UNREACHABLE_CODE = YES;
				CLANG_WARN__DUPLICATE_METHOD_MATCH = YES;
				COPY_PHASE_STRIP = NO;
				DEBUG_INFORMATION_FORMAT = dwarf;
				ENABLE_STRICT_OBJC_MSGSEND = YES;
				ENABLE_TESTABILITY = YES;
				GCC_C_LANGUAGE_STANDARD = gnu11;
				GCC_DYNAMIC_NO_PIC = NO;
				GCC_NO_COMMON_BLOCKS = YES;
				GCC_OPTIMIZATION_LEVEL = 0;
				GCC_PREPROCESSOR_DEFINITIONS = (
					"DEBUG=1",
					"$(inherited)",
				);
				GCC_WARN_64_TO_32_BIT_CONVERSION = YES;
				GCC_WARN_ABOUT_RETURN_TYPE = YES_ERROR;
				GCC_WARN_UNDECLARED_SELECTOR = YES;
				GCC_WARN_UNINITIALIZED_AUTOS = YES_AGGRESSIVE;
				GCC_WARN_UNUSED_FUNCTION = YES;
				GCC_WARN_UNUSED_VARIABLE = YES;
				IPHONEOS_DEPLOYMENT_TARGET = 13.0;
				MTL_ENABLE_DEBUG_INFO = INCLUDE_SOURCE;
				MTL_FAST_MATH = YES;
				ONLY_ACTIVE_ARCH = YES;
				SDKROOT = iphoneos;
				SWIFT_ACTIVE_COMPILATION_CONDITIONS = DEBUG;
				SWIFT_OPTIMIZATION_LEVEL = "-Onone";
			};
			name = Debug;
		};
		25FC2E2E237E316900C32B17 /* Release */ = {
			isa = XCBuildConfiguration;
			buildSettings = {
				ALWAYS_SEARCH_USER_PATHS = NO;
				CLANG_ANALYZER_NONNULL = YES;
				CLANG_ANALYZER_NUMBER_OBJECT_CONVERSION = YES_AGGRESSIVE;
				CLANG_CXX_LANGUAGE_STANDARD = "gnu++14";
				CLANG_CXX_LIBRARY = "libc++";
				CLANG_ENABLE_MODULES = YES;
				CLANG_ENABLE_OBJC_ARC = YES;
				CLANG_ENABLE_OBJC_WEAK = YES;
				CLANG_WARN_BLOCK_CAPTURE_AUTORELEASING = YES;
				CLANG_WARN_BOOL_CONVERSION = YES;
				CLANG_WARN_COMMA = YES;
				CLANG_WARN_CONSTANT_CONVERSION = YES;
				CLANG_WARN_DEPRECATED_OBJC_IMPLEMENTATIONS = YES;
				CLANG_WARN_DIRECT_OBJC_ISA_USAGE = YES_ERROR;
				CLANG_WARN_DOCUMENTATION_COMMENTS = YES;
				CLANG_WARN_EMPTY_BODY = YES;
				CLANG_WARN_ENUM_CONVERSION = YES;
				CLANG_WARN_INFINITE_RECURSION = YES;
				CLANG_WARN_INT_CONVERSION = YES;
				CLANG_WARN_NON_LITERAL_NULL_CONVERSION = YES;
				CLANG_WARN_OBJC_IMPLICIT_RETAIN_SELF = YES;
				CLANG_WARN_OBJC_LITERAL_CONVERSION = YES;
				CLANG_WARN_OBJC_ROOT_CLASS = YES_ERROR;
				CLANG_WARN_RANGE_LOOP_ANALYSIS = YES;
				CLANG_WARN_STRICT_PROTOTYPES = YES;
				CLANG_WARN_SUSPICIOUS_MOVE = YES;
				CLANG_WARN_UNGUARDED_AVAILABILITY = YES_AGGRESSIVE;
				CLANG_WARN_UNREACHABLE_CODE = YES;
				CLANG_WARN__DUPLICATE_METHOD_MATCH = YES;
				COPY_PHASE_STRIP = NO;
				DEBUG_INFORMATION_FORMAT = "dwarf-with-dsym";
				ENABLE_NS_ASSERTIONS = NO;
				ENABLE_STRICT_OBJC_MSGSEND = YES;
				GCC_C_LANGUAGE_STANDARD = gnu11;
				GCC_NO_COMMON_BLOCKS = YES;
				GCC_WARN_64_TO_32_BIT_CONVERSION = YES;
				GCC_WARN_ABOUT_RETURN_TYPE = YES_ERROR;
				GCC_WARN_UNDECLARED_SELECTOR = YES;
				GCC_WARN_UNINITIALIZED_AUTOS = YES_AGGRESSIVE;
				GCC_WARN_UNUSED_FUNCTION = YES;
				GCC_WARN_UNUSED_VARIABLE = YES;
				IPHONEOS_DEPLOYMENT_TARGET = 13.0;
				MTL_ENABLE_DEBUG_INFO = NO;
				MTL_FAST_MATH = YES;
				SDKROOT = iphoneos;
				SWIFT_COMPILATION_MODE = wholemodule;
				SWIFT_OPTIMIZATION_LEVEL = "-O";
				VALIDATE_PRODUCT = YES;
			};
			name = Release;
		};
		25FC2E30237E316900C32B17 /* Debug */ = {
			isa = XCBuildConfiguration;
			buildSettings = {
				ASSETCATALOG_COMPILER_APPICON_NAME = AppIcon;
				CODE_SIGN_STYLE = Automatic;
				DEVELOPMENT_TEAM = H6L5M64GG5;
				INFOPLIST_FILE = rajveer_c0758564_gpaApp/Info.plist;
				LD_RUNPATH_SEARCH_PATHS = (
					"$(inherited)",
					"@executable_path/Frameworks",
				);
				PRODUCT_BUNDLE_IDENTIFIER = "main.rajveer-c0758564-gpaApp";
				PRODUCT_NAME = "$(TARGET_NAME)";
				SWIFT_VERSION = 5.0;
				TARGETED_DEVICE_FAMILY = "1,2";
			};
			name = Debug;
		};
		25FC2E31237E316900C32B17 /* Release */ = {
			isa = XCBuildConfiguration;
			buildSettings = {
				ASSETCATALOG_COMPILER_APPICON_NAME = AppIcon;
				CODE_SIGN_STYLE = Automatic;
				DEVELOPMENT_TEAM = H6L5M64GG5;
				INFOPLIST_FILE = rajveer_c0758564_gpaApp/Info.plist;
				LD_RUNPATH_SEARCH_PATHS = (
					"$(inherited)",
					"@executable_path/Frameworks",
				);
				PRODUCT_BUNDLE_IDENTIFIER = "main.rajveer-c0758564-gpaApp";
				PRODUCT_NAME = "$(TARGET_NAME)";
				SWIFT_VERSION = 5.0;
				TARGETED_DEVICE_FAMILY = "1,2";
			};
			name = Release;
		};
/* End XCBuildConfiguration section */

/* Begin XCConfigurationList section */
		25FC2E16237E316700C32B17 /* Build configuration list for PBXProject "rajveer_c0758564_gpaApp" */ = {
			isa = XCConfigurationList;
			buildConfigurations = (
				25FC2E2D237E316900C32B17 /* Debug */,
				25FC2E2E237E316900C32B17 /* Release */,
			);
			defaultConfigurationIsVisible = 0;
			defaultConfigurationName = Release;
		};
		25FC2E2F237E316900C32B17 /* Build configuration list for PBXNativeTarget "rajveer_c0758564_gpaApp" */ = {
			isa = XCConfigurationList;
			buildConfigurations = (
				25FC2E30237E316900C32B17 /* Debug */,
				25FC2E31237E316900C32B17 /* Release */,
			);
			defaultConfigurationIsVisible = 0;
			defaultConfigurationName = Release;
		};
/* End XCConfigurationList section */
	};
	rootObject = 25FC2E13237E316700C32B17 /* Project object */;
}
